
Microsoft Visual Studio Solution File, Format Version 12.00
# Visual Studio Version 17
VisualStudioVersion = 17.0.31903.59
MinimumVisualStudioVersion = 10.0.40219.1
Project("{FAE04EC0-301F-11D3-BF4B-00C04F79EFBC}") = "API", "API\API.csproj", "{F56447A0-019F-40EE-A091-DA22784950DF}"
EndProject
Project("{FAE04EC0-301F-11D3-BF4B-00C04F79EFBC}") = "Application", "Application\Application.csproj", "{135D5117-25C3-4903-8B87-FDFF865AAAF5}"
EndProject
Project("{FAE04EC0-301F-11D3-BF4B-00C04F79EFBC}") = "Domain", "Domain\Domain.csproj", "{FD5BC112-573D-40C7-B21A-D2EDCB211E71}"
EndProject
Project("{FAE04EC0-301F-11D3-BF4B-00C04F79EFBC}") = "Persistence", "Persistence\Persistence.csproj", "{1E0DCAE5-C987-40C5-9A4D-8DF60003C065}"
EndProject
Global
	GlobalSection(SolutionConfigurationPlatforms) = preSolution
		Debug|Any CPU = Debug|Any CPU
		Release|Any CPU = Release|Any CPU
	EndGlobalSection
	GlobalSection(SolutionProperties) = preSolution
		HideSolutionNode = FALSE
	EndGlobalSection
	GlobalSection(ProjectConfigurationPlatforms) = postSolution
		{F56447A0-019F-40EE-A091-DA22784950DF}.Debug|Any CPU.ActiveCfg = Debug|Any CPU
		{F56447A0-019F-40EE-A091-DA22784950DF}.Debug|Any CPU.Build.0 = Debug|Any CPU
		{F56447A0-019F-40EE-A091-DA22784950DF}.Release|Any CPU.ActiveCfg = Release|Any CPU
		{F56447A0-019F-40EE-A091-DA22784950DF}.Release|Any CPU.Build.0 = Release|Any CPU
		{135D5117-25C3-4903-8B87-FDFF865AAAF5}.Debug|Any CPU.ActiveCfg = Debug|Any CPU
		{135D5117-25C3-4903-8B87-FDFF865AAAF5}.Debug|Any CPU.Build.0 = Debug|Any CPU
		{135D5117-25C3-4903-8B87-FDFF865AAAF5}.Release|Any CPU.ActiveCfg = Release|Any CPU
		{135D5117-25C3-4903-8B87-FDFF865AAAF5}.Release|Any CPU.Build.0 = Release|Any CPU
		{FD5BC112-573D-40C7-B21A-D2EDCB211E71}.Debug|Any CPU.ActiveCfg = Debug|Any CPU
		{FD5BC112-573D-40C7-B21A-D2EDCB211E71}.Debug|Any CPU.Build.0 = Debug|Any CPU
		{FD5BC112-573D-40C7-B21A-D2EDCB211E71}.Release|Any CPU.ActiveCfg = Release|Any CPU
		{FD5BC112-573D-40C7-B21A-D2EDCB211E71}.Release|Any CPU.Build.0 = Release|Any CPU
		{1E0DCAE5-C987-40C5-9A4D-8DF60003C065}.Debug|Any CPU.ActiveCfg = Debug|Any CPU
		{1E0DCAE5-C987-40C5-9A4D-8DF60003C065}.Debug|Any CPU.Build.0 = Debug|Any CPU
		{1E0DCAE5-C987-40C5-9A4D-8DF60003C065}.Release|Any CPU.ActiveCfg = Release|Any CPU
		{1E0DCAE5-C987-40C5-9A4D-8DF60003C065}.Release|Any CPU.Build.0 = Release|Any CPU
	EndGlobalSection
EndGlobal
